{
    "_readme": [
        "This file locks the dependencies of your project to a known state",
        "Read more about it at https://getcomposer.org/doc/01-basic-usage.md#installing-dependencies",
        "This file is @generated automatically"
    ],
    "content-hash": "76275261f4a2b7334283a516212ba065",
    "packages": [
        {
            "name": "tina4stack/tina4php-core",
            "version": "v2.0.13",
            "source": {
                "type": "git",
                "url": "https://github.com/tina4stack/tina4php-core.git",
                "reference": "797b3af7bc65b623c327c4c4c5c1d84c46576a7b"
            },
            "dist": {
                "type": "zip",
                "url": "https://api.github.com/repos/tina4stack/tina4php-core/zipball/797b3af7bc65b623c327c4c4c5c1d84c46576a7b",
                "reference": "797b3af7bc65b623c327c4c4c5c1d84c46576a7b",
                "shasum": ""
            },
            "require-dev": {
                "overtrue/phplint": "^2.0",
                "phpmetrics/phpmetrics": "^2.8",
                "phpunit/phpunit": "^9",
                "tina4stack/tina4php-debug": "^2.0"
            },
            "bin": [
                "bin/tina4",
                "bin/tina4service"
            ],
            "type": "library",
            "autoload": {
                "files": [
                    "Tina4/Functions.php"
                ],
                "psr-4": {
                    "Tina4\\": [
                        "Tina4/"
                    ]
                },
                "classmap": [
                    "Tina4/"
                ]
            },
            "notification-url": "https://packagist.org/downloads/",
            "license": [
                "MIT"
            ],
            "description": "Tina4 PHP Core Functionality",
            "support": {
                "issues": "https://github.com/tina4stack/tina4php-core/issues",
                "source": "https://github.com/tina4stack/tina4php-core/tree/v2.0.13"
            },
            "time": "2024-03-20T10:09:18+00:00"
        }
    ],
    "packages-dev": [],
    "aliases": [],
    "minimum-stability": "stable",
    "stability-flags": [],
    "prefer-stable": false,
    "prefer-lowest": false,
    "platform": [],
    "platform-dev": [],
    "plugin-api-version": "2.3.0"
}
